// !$*UTF8*$!
{
	archiveVersion = 1;
	classes = {
	};
	objectVersion = 52;
	objects = {

/* Begin PBXBuildFile section */
		490925F825DB3ED400BE1DE2 /* DeckDataService.swift in Sources */ = {isa = PBXBuildFile; fileRef = 490925F725DB3ED400BE1DE2 /* DeckDataService.swift */; };
		4927E4A125E0100D00F6E166 /* ReviewView.swift in Sources */ = {isa = PBXBuildFile; fileRef = 4927E4A025E0100D00F6E166 /* ReviewView.swift */; };
		4927E4A625E0102400F6E166 /* ReviewCardsView.swift in Sources */ = {isa = PBXBuildFile; fileRef = 4927E4A525E0102400F6E166 /* ReviewCardsView.swift */; };
		4927E4AB25E041F900F6E166 /* Card.swift in Sources */ = {isa = PBXBuildFile; fileRef = 4927E4AA25E041F900F6E166 /* Card.swift */; };
		49495F0A25E81DD800F5C3B0 /* VoiceSelectionView.swift in Sources */ = {isa = PBXBuildFile; fileRef = 49495F0925E81DD800F5C3B0 /* VoiceSelectionView.swift */; };
		49495F1225EC8E0800F5C3B0 /* StoreService.swift in Sources */ = {isa = PBXBuildFile; fileRef = 49495F1125EC8E0800F5C3B0 /* StoreService.swift */; };
		49495F1725EC90CC00F5C3B0 /* UserDefaults+TypeSafety.swift in Sources */ = {isa = PBXBuildFile; fileRef = 49495F1625EC90CC00F5C3B0 /* UserDefaults+TypeSafety.swift */; };
		497A84AE25DA26850040B1CE /* AddView.swift in Sources */ = {isa = PBXBuildFile; fileRef = 497A84AD25DA26850040B1CE /* AddView.swift */; };
		49989FBE25D83ABD001510EB /* AppDelegate.swift in Sources */ = {isa = PBXBuildFile; fileRef = 49989FBD25D83ABD001510EB /* AppDelegate.swift */; };
		49989FC025D83ABD001510EB /* SceneDelegate.swift in Sources */ = {isa = PBXBuildFile; fileRef = 49989FBF25D83ABD001510EB /* SceneDelegate.swift */; };
		49989FC225D83ABD001510EB /* ContentView.swift in Sources */ = {isa = PBXBuildFile; fileRef = 49989FC125D83ABD001510EB /* ContentView.swift */; };
		49989FC525D83ABD001510EB /* TalkingFlashCards.xcdatamodeld in Sources */ = {isa = PBXBuildFile; fileRef = 49989FC325D83ABD001510EB /* TalkingFlashCards.xcdatamodeld */; };
		49989FC725D83AC0001510EB /* Assets.xcassets in Resources */ = {isa = PBXBuildFile; fileRef = 49989FC625D83AC0001510EB /* Assets.xcassets */; };
		49989FCA25D83AC0001510EB /* Preview Assets.xcassets in Resources */ = {isa = PBXBuildFile; fileRef = 49989FC925D83AC0001510EB /* Preview Assets.xcassets */; };
		49989FD825D83AC1001510EB /* TalkingFlashCardsTests.swift in Sources */ = {isa = PBXBuildFile; fileRef = 49989FD725D83AC1001510EB /* TalkingFlashCardsTests.swift */; };
		49989FE325D83AC1001510EB /* TalkingFlashCardsUITests.swift in Sources */ = {isa = PBXBuildFile; fileRef = 49989FE225D83AC1001510EB /* TalkingFlashCardsUITests.swift */; };
		49989FFA25D9B713001510EB /* HomeView.swift in Sources */ = {isa = PBXBuildFile; fileRef = 49989FF925D9B713001510EB /* HomeView.swift */; };
		4998A00725D9C234001510EB /* NewDeckView.swift in Sources */ = {isa = PBXBuildFile; fileRef = 4998A00625D9C234001510EB /* NewDeckView.swift */; };
		4998A01425D9FA55001510EB /* Localizable.strings in Resources */ = {isa = PBXBuildFile; fileRef = 4998A01625D9FA55001510EB /* Localizable.strings */; };
		4998A02B25DA0EAF001510EB /* Colors.xcassets in Resources */ = {isa = PBXBuildFile; fileRef = 4998A02A25DA0EAF001510EB /* Colors.xcassets */; };
		49B9D53425DA28480066A51F /* NewCardView.swift in Sources */ = {isa = PBXBuildFile; fileRef = 49B9D53325DA28480066A51F /* NewCardView.swift */; };
		49B9D53925DADE120066A51F /* MoreView.swift in Sources */ = {isa = PBXBuildFile; fileRef = 49B9D53825DADE120066A51F /* MoreView.swift */; };
		49B9D53E25DADE280066A51F /* SettingsView.swift in Sources */ = {isa = PBXBuildFile; fileRef = 49B9D53D25DADE280066A51F /* SettingsView.swift */; };
		49B9D54325DADE330066A51F /* ContactView.swift in Sources */ = {isa = PBXBuildFile; fileRef = 49B9D54225DADE330066A51F /* ContactView.swift */; };
		49C62FDA25EDDF82007DCC2E /* LanguageData.swift in Sources */ = {isa = PBXBuildFile; fileRef = 49C62FD925EDDF82007DCC2E /* LanguageData.swift */; };
		49C62FDF25EEC17B007DCC2E /* Voice.swift in Sources */ = {isa = PBXBuildFile; fileRef = 49C62FDE25EEC17B007DCC2E /* Voice.swift */; };
		49C62FEA25F03FD4007DCC2E /* GlobalData.swift in Sources */ = {isa = PBXBuildFile; fileRef = 49C62FE925F03FD4007DCC2E /* GlobalData.swift */; };
		49CB06E725F1575600B5A7E1 /* ManageDeckView.swift in Sources */ = {isa = PBXBuildFile; fileRef = 49CB06E625F1575600B5A7E1 /* ManageDeckView.swift */; };
		49CB06F025F199C100B5A7E1 /* Introspect in Frameworks */ = {isa = PBXBuildFile; productRef = 49CB06EF25F199C100B5A7E1 /* Introspect */; };
		49DBC31225DF3A4A009CFBE0 /* LanguageService.swift in Sources */ = {isa = PBXBuildFile; fileRef = 49DBC31125DF3A4A009CFBE0 /* LanguageService.swift */; };
		49DBC31925DF58B3009CFBE0 /* Cache.swift in Sources */ = {isa = PBXBuildFile; fileRef = 49DBC31825DF58B3009CFBE0 /* Cache.swift */; };
		49E6322625DB674800AC6040 /* Injectable.swift in Sources */ = {isa = PBXBuildFile; fileRef = 49E6322525DB674800AC6040 /* Injectable.swift */; };
		49E6322B25DB694C00AC6040 /* DependencyManager.swift in Sources */ = {isa = PBXBuildFile; fileRef = 49E6322A25DB694C00AC6040 /* DependencyManager.swift */; };
		49E6323625DC3F2800AC6040 /* Deck.swift in Sources */ = {isa = PBXBuildFile; fileRef = 49E6323525DC3F2800AC6040 /* Deck.swift */; };
		49E6324325DD834A00AC6040 /* GeneralExtensions.swift in Sources */ = {isa = PBXBuildFile; fileRef = 49E6324225DD834A00AC6040 /* GeneralExtensions.swift */; };
		49F40AB125DDAFBD00DE80DC /* AlertItem.swift in Sources */ = {isa = PBXBuildFile; fileRef = 49F40AB025DDAFBD00DE80DC /* AlertItem.swift */; };
		49F40AB625DDB94C00DE80DC /* FlashError.swift in Sources */ = {isa = PBXBuildFile; fileRef = 49F40AB525DDB94C00DE80DC /* FlashError.swift */; };
		49FE722725E3422800E2C3B1 /* CardSideView.swift in Sources */ = {isa = PBXBuildFile; fileRef = 49FE722625E3422800E2C3B1 /* CardSideView.swift */; };
		49FE722C25E3499400E2C3B1 /* Speaker.swift in Sources */ = {isa = PBXBuildFile; fileRef = 49FE722B25E3499400E2C3B1 /* Speaker.swift */; };
		49FE723425E747B100E2C3B1 /* VoiceSettingsView.swift in Sources */ = {isa = PBXBuildFile; fileRef = 49FE723325E747B100E2C3B1 /* VoiceSettingsView.swift */; };
		49FE723D25E7EF6900E2C3B1 /* Array+RemoveDuplicates.swift in Sources */ = {isa = PBXBuildFile; fileRef = 49FE723C25E7EF6900E2C3B1 /* Array+RemoveDuplicates.swift */; };
/* End PBXBuildFile section */

/* Begin PBXContainerItemProxy section */
		49989FD425D83AC1001510EB /* PBXContainerItemProxy */ = {
			isa = PBXContainerItemProxy;
			containerPortal = 49989FB225D83ABD001510EB /* Project object */;
			proxyType = 1;
			remoteGlobalIDString = 49989FB925D83ABD001510EB;
			remoteInfo = TalkingFlashCards;
		};
		49989FDF25D83AC1001510EB /* PBXContainerItemProxy */ = {
			isa = PBXContainerItemProxy;
			containerPortal = 49989FB225D83ABD001510EB /* Project object */;
			proxyType = 1;
			remoteGlobalIDString = 49989FB925D83ABD001510EB;
			remoteInfo = TalkingFlashCards;
		};
/* End PBXContainerItemProxy section */

/* Begin PBXFileReference section */
		490925F725DB3ED400BE1DE2 /* DeckDataService.swift */ = {isa = PBXFileReference; lastKnownFileType = sourcecode.swift; path = DeckDataService.swift; sourceTree = "<group>"; };
		4927E4A025E0100D00F6E166 /* ReviewView.swift */ = {isa = PBXFileReference; lastKnownFileType = sourcecode.swift; path = ReviewView.swift; sourceTree = "<group>"; };
		4927E4A525E0102400F6E166 /* ReviewCardsView.swift */ = {isa = PBXFileReference; lastKnownFileType = sourcecode.swift; path = ReviewCardsView.swift; sourceTree = "<group>"; };
		4927E4AA25E041F900F6E166 /* Card.swift */ = {isa = PBXFileReference; fileEncoding = 4; lastKnownFileType = sourcecode.swift; path = Card.swift; sourceTree = "<group>"; };
		49495F0925E81DD800F5C3B0 /* VoiceSelectionView.swift */ = {isa = PBXFileReference; lastKnownFileType = sourcecode.swift; path = VoiceSelectionView.swift; sourceTree = "<group>"; };
		49495F1125EC8E0800F5C3B0 /* StoreService.swift */ = {isa = PBXFileReference; lastKnownFileType = sourcecode.swift; path = StoreService.swift; sourceTree = "<group>"; };
		49495F1625EC90CC00F5C3B0 /* UserDefaults+TypeSafety.swift */ = {isa = PBXFileReference; lastKnownFileType = sourcecode.swift; path = "UserDefaults+TypeSafety.swift"; sourceTree = "<group>"; };
		497A84AD25DA26850040B1CE /* AddView.swift */ = {isa = PBXFileReference; lastKnownFileType = sourcecode.swift; path = AddView.swift; sourceTree = "<group>"; };
		49989FBA25D83ABD001510EB /* TalkingFlashCards.app */ = {isa = PBXFileReference; explicitFileType = wrapper.application; includeInIndex = 0; path = TalkingFlashCards.app; sourceTree = BUILT_PRODUCTS_DIR; };
		49989FBD25D83ABD001510EB /* AppDelegate.swift */ = {isa = PBXFileReference; lastKnownFileType = sourcecode.swift; path = AppDelegate.swift; sourceTree = "<group>"; };
		49989FBF25D83ABD001510EB /* SceneDelegate.swift */ = {isa = PBXFileReference; lastKnownFileType = sourcecode.swift; path = SceneDelegate.swift; sourceTree = "<group>"; };
		49989FC125D83ABD001510EB /* ContentView.swift */ = {isa = PBXFileReference; lastKnownFileType = sourcecode.swift; path = ContentView.swift; sourceTree = "<group>"; };
		49989FC425D83ABD001510EB /* TalkingFlashCards.xcdatamodel */ = {isa = PBXFileReference; lastKnownFileType = wrapper.xcdatamodel; path = TalkingFlashCards.xcdatamodel; sourceTree = "<group>"; };
		49989FC625D83AC0001510EB /* Assets.xcassets */ = {isa = PBXFileReference; lastKnownFileType = folder.assetcatalog; path = Assets.xcassets; sourceTree = "<group>"; };
		49989FC925D83AC0001510EB /* Preview Assets.xcassets */ = {isa = PBXFileReference; lastKnownFileType = folder.assetcatalog; path = "Preview Assets.xcassets"; sourceTree = "<group>"; };
		49989FCE25D83AC0001510EB /* Info.plist */ = {isa = PBXFileReference; lastKnownFileType = text.plist.xml; path = Info.plist; sourceTree = "<group>"; };
		49989FD325D83AC1001510EB /* TalkingFlashCardsTests.xctest */ = {isa = PBXFileReference; explicitFileType = wrapper.cfbundle; includeInIndex = 0; path = TalkingFlashCardsTests.xctest; sourceTree = BUILT_PRODUCTS_DIR; };
		49989FD725D83AC1001510EB /* TalkingFlashCardsTests.swift */ = {isa = PBXFileReference; lastKnownFileType = sourcecode.swift; path = TalkingFlashCardsTests.swift; sourceTree = "<group>"; };
		49989FD925D83AC1001510EB /* Info.plist */ = {isa = PBXFileReference; lastKnownFileType = text.plist.xml; path = Info.plist; sourceTree = "<group>"; };
		49989FDE25D83AC1001510EB /* TalkingFlashCardsUITests.xctest */ = {isa = PBXFileReference; explicitFileType = wrapper.cfbundle; includeInIndex = 0; path = TalkingFlashCardsUITests.xctest; sourceTree = BUILT_PRODUCTS_DIR; };
		49989FE225D83AC1001510EB /* TalkingFlashCardsUITests.swift */ = {isa = PBXFileReference; lastKnownFileType = sourcecode.swift; path = TalkingFlashCardsUITests.swift; sourceTree = "<group>"; };
		49989FE425D83AC1001510EB /* Info.plist */ = {isa = PBXFileReference; lastKnownFileType = text.plist.xml; path = Info.plist; sourceTree = "<group>"; };
		49989FF925D9B713001510EB /* HomeView.swift */ = {isa = PBXFileReference; lastKnownFileType = sourcecode.swift; path = HomeView.swift; sourceTree = "<group>"; };
		4998A00625D9C234001510EB /* NewDeckView.swift */ = {isa = PBXFileReference; lastKnownFileType = sourcecode.swift; path = NewDeckView.swift; sourceTree = "<group>"; };
		4998A01525D9FA55001510EB /* en */ = {isa = PBXFileReference; lastKnownFileType = text.plist.strings; name = en; path = en.lproj/Localizable.strings; sourceTree = "<group>"; };
		4998A01F25D9FB14001510EB /* es */ = {isa = PBXFileReference; lastKnownFileType = text.plist.strings; name = es; path = es.lproj/Localizable.strings; sourceTree = "<group>"; };
		4998A02A25DA0EAF001510EB /* Colors.xcassets */ = {isa = PBXFileReference; lastKnownFileType = folder.assetcatalog; path = Colors.xcassets; sourceTree = "<group>"; };
		49B9D53325DA28480066A51F /* NewCardView.swift */ = {isa = PBXFileReference; lastKnownFileType = sourcecode.swift; path = NewCardView.swift; sourceTree = "<group>"; };
		49B9D53825DADE120066A51F /* MoreView.swift */ = {isa = PBXFileReference; lastKnownFileType = sourcecode.swift; path = MoreView.swift; sourceTree = "<group>"; };
		49B9D53D25DADE280066A51F /* SettingsView.swift */ = {isa = PBXFileReference; lastKnownFileType = sourcecode.swift; path = SettingsView.swift; sourceTree = "<group>"; };
		49B9D54225DADE330066A51F /* ContactView.swift */ = {isa = PBXFileReference; lastKnownFileType = sourcecode.swift; path = ContactView.swift; sourceTree = "<group>"; };
		49C62FD925EDDF82007DCC2E /* LanguageData.swift */ = {isa = PBXFileReference; lastKnownFileType = sourcecode.swift; path = LanguageData.swift; sourceTree = "<group>"; };
		49C62FDE25EEC17B007DCC2E /* Voice.swift */ = {isa = PBXFileReference; lastKnownFileType = sourcecode.swift; path = Voice.swift; sourceTree = "<group>"; };
		49C62FE925F03FD4007DCC2E /* GlobalData.swift */ = {isa = PBXFileReference; lastKnownFileType = sourcecode.swift; path = GlobalData.swift; sourceTree = "<group>"; };
		49CB06E625F1575600B5A7E1 /* ManageDeckView.swift */ = {isa = PBXFileReference; lastKnownFileType = sourcecode.swift; path = ManageDeckView.swift; sourceTree = "<group>"; };
		49DBC31125DF3A4A009CFBE0 /* LanguageService.swift */ = {isa = PBXFileReference; lastKnownFileType = sourcecode.swift; path = LanguageService.swift; sourceTree = "<group>"; };
		49DBC31825DF58B3009CFBE0 /* Cache.swift */ = {isa = PBXFileReference; lastKnownFileType = sourcecode.swift; path = Cache.swift; sourceTree = "<group>"; };
		49E6322525DB674800AC6040 /* Injectable.swift */ = {isa = PBXFileReference; lastKnownFileType = sourcecode.swift; path = Injectable.swift; sourceTree = "<group>"; };
		49E6322A25DB694C00AC6040 /* DependencyManager.swift */ = {isa = PBXFileReference; lastKnownFileType = sourcecode.swift; path = DependencyManager.swift; sourceTree = "<group>"; };
		49E6323525DC3F2800AC6040 /* Deck.swift */ = {isa = PBXFileReference; lastKnownFileType = sourcecode.swift; path = Deck.swift; sourceTree = "<group>"; };
		49E6324225DD834A00AC6040 /* GeneralExtensions.swift */ = {isa = PBXFileReference; lastKnownFileType = sourcecode.swift; path = GeneralExtensions.swift; sourceTree = "<group>"; };
		49F40AB025DDAFBD00DE80DC /* AlertItem.swift */ = {isa = PBXFileReference; lastKnownFileType = sourcecode.swift; path = AlertItem.swift; sourceTree = "<group>"; };
		49F40AB525DDB94C00DE80DC /* FlashError.swift */ = {isa = PBXFileReference; lastKnownFileType = sourcecode.swift; path = FlashError.swift; sourceTree = "<group>"; };
		49FE722625E3422800E2C3B1 /* CardSideView.swift */ = {isa = PBXFileReference; lastKnownFileType = sourcecode.swift; path = CardSideView.swift; sourceTree = "<group>"; };
		49FE722B25E3499400E2C3B1 /* Speaker.swift */ = {isa = PBXFileReference; lastKnownFileType = sourcecode.swift; path = Speaker.swift; sourceTree = "<group>"; };
		49FE723325E747B100E2C3B1 /* VoiceSettingsView.swift */ = {isa = PBXFileReference; lastKnownFileType = sourcecode.swift; path = VoiceSettingsView.swift; sourceTree = "<group>"; };
		49FE723C25E7EF6900E2C3B1 /* Array+RemoveDuplicates.swift */ = {isa = PBXFileReference; lastKnownFileType = sourcecode.swift; path = "Array+RemoveDuplicates.swift"; sourceTree = "<group>"; };
/* End PBXFileReference section */

/* Begin PBXFrameworksBuildPhase section */
		49989FB725D83ABD001510EB /* Frameworks */ = {
			isa = PBXFrameworksBuildPhase;
			buildActionMask = 2147483647;
			files = (
				49CB06F025F199C100B5A7E1 /* Introspect in Frameworks */,
			);
			runOnlyForDeploymentPostprocessing = 0;
		};
		49989FD025D83AC1001510EB /* Frameworks */ = {
			isa = PBXFrameworksBuildPhase;
			buildActionMask = 2147483647;
			files = (
			);
			runOnlyForDeploymentPostprocessing = 0;
		};
		49989FDB25D83AC1001510EB /* Frameworks */ = {
			isa = PBXFrameworksBuildPhase;
			buildActionMask = 2147483647;
			files = (
			);
			runOnlyForDeploymentPostprocessing = 0;
		};
/* End PBXFrameworksBuildPhase section */

/* Begin PBXGroup section */
		490925FC25DB3EE300BE1DE2 /* Services */ = {
			isa = PBXGroup;
			children = (
				490925F725DB3ED400BE1DE2 /* DeckDataService.swift */,
				49DBC31125DF3A4A009CFBE0 /* LanguageService.swift */,
				49495F1125EC8E0800F5C3B0 /* StoreService.swift */,
			);
			path = Services;
			sourceTree = "<group>";
		};
		497A849C25DA10F30040B1CE /* Assets */ = {
			isa = PBXGroup;
			children = (
				49989FC625D83AC0001510EB /* Assets.xcassets */,
				4998A02A25DA0EAF001510EB /* Colors.xcassets */,
			);
			path = Assets;
			sourceTree = "<group>";
		};
		49989FB125D83ABD001510EB = {
			isa = PBXGroup;
			children = (
				49989FBC25D83ABD001510EB /* TalkingFlashCards */,
				49989FD625D83AC1001510EB /* TalkingFlashCardsTests */,
				49989FE125D83AC1001510EB /* TalkingFlashCardsUITests */,
				49989FBB25D83ABD001510EB /* Products */,
			);
			sourceTree = "<group>";
		};
		49989FBB25D83ABD001510EB /* Products */ = {
			isa = PBXGroup;
			children = (
				49989FBA25D83ABD001510EB /* TalkingFlashCards.app */,
				49989FD325D83AC1001510EB /* TalkingFlashCardsTests.xctest */,
				49989FDE25D83AC1001510EB /* TalkingFlashCardsUITests.xctest */,
			);
			name = Products;
			sourceTree = "<group>";
		};
		49989FBC25D83ABD001510EB /* TalkingFlashCards */ = {
			isa = PBXGroup;
			children = (
				4998A00B25D9F9E4001510EB /* App */,
				49989FF825D9B706001510EB /* Views */,
				49989FC125D83ABD001510EB /* ContentView.swift */,
				49989FC325D83ABD001510EB /* TalkingFlashCards.xcdatamodeld */,
				49989FC825D83AC0001510EB /* Preview Content */,
			);
			path = TalkingFlashCards;
			sourceTree = "<group>";
		};
		49989FC825D83AC0001510EB /* Preview Content */ = {
			isa = PBXGroup;
			children = (
				49989FC925D83AC0001510EB /* Preview Assets.xcassets */,
			);
			path = "Preview Content";
			sourceTree = "<group>";
		};
		49989FD625D83AC1001510EB /* TalkingFlashCardsTests */ = {
			isa = PBXGroup;
			children = (
				49989FD725D83AC1001510EB /* TalkingFlashCardsTests.swift */,
				49989FD925D83AC1001510EB /* Info.plist */,
			);
			path = TalkingFlashCardsTests;
			sourceTree = "<group>";
		};
		49989FE125D83AC1001510EB /* TalkingFlashCardsUITests */ = {
			isa = PBXGroup;
			children = (
				49989FE225D83AC1001510EB /* TalkingFlashCardsUITests.swift */,
				49989FE425D83AC1001510EB /* Info.plist */,
			);
			path = TalkingFlashCardsUITests;
			sourceTree = "<group>";
		};
		49989FF825D9B706001510EB /* Views */ = {
			isa = PBXGroup;
			children = (
				49989FF925D9B713001510EB /* HomeView.swift */,
				49B9D54C25DAE6990066A51F /* Review */,
				49B9D54B25DAE6900066A51F /* Add */,
				49B9D54A25DAE6880066A51F /* More */,
				49F40AB025DDAFBD00DE80DC /* AlertItem.swift */,
			);
			path = Views;
			sourceTree = "<group>";
		};
		4998A00B25D9F9E4001510EB /* App */ = {
			isa = PBXGroup;
			children = (
				49DBC31625DF589C009CFBE0 /* Common */,
				49989FBD25D83ABD001510EB /* AppDelegate.swift */,
				49989FBF25D83ABD001510EB /* SceneDelegate.swift */,
				490925FC25DB3EE300BE1DE2 /* Services */,
				49989FCE25D83AC0001510EB /* Info.plist */,
				497A849C25DA10F30040B1CE /* Assets */,
				4998A02625DA0DE9001510EB /* Localization */,
				49E6322525DB674800AC6040 /* Injectable.swift */,
				49E6322A25DB694C00AC6040 /* DependencyManager.swift */,
				49F40AB525DDB94C00DE80DC /* FlashError.swift */,
			);
			path = App;
			sourceTree = "<group>";
		};
		4998A02625DA0DE9001510EB /* Localization */ = {
			isa = PBXGroup;
			children = (
				4998A01625D9FA55001510EB /* Localizable.strings */,
			);
			path = Localization;
			sourceTree = "<group>";
		};
		49B9D54A25DAE6880066A51F /* More */ = {
			isa = PBXGroup;
			children = (
				49B9D53825DADE120066A51F /* MoreView.swift */,
				49B9D53D25DADE280066A51F /* SettingsView.swift */,
				49B9D54225DADE330066A51F /* ContactView.swift */,
				49FE723325E747B100E2C3B1 /* VoiceSettingsView.swift */,
				49495F0925E81DD800F5C3B0 /* VoiceSelectionView.swift */,
				49C62FDE25EEC17B007DCC2E /* Voice.swift */,
			);
			path = More;
			sourceTree = "<group>";
		};
		49B9D54B25DAE6900066A51F /* Add */ = {
			isa = PBXGroup;
			children = (
				4998A00625D9C234001510EB /* NewDeckView.swift */,
				497A84AD25DA26850040B1CE /* AddView.swift */,
				49B9D53325DA28480066A51F /* NewCardView.swift */,
				49E6323525DC3F2800AC6040 /* Deck.swift */,
				4927E4AA25E041F900F6E166 /* Card.swift */,
				49CB06E625F1575600B5A7E1 /* ManageDeckView.swift */,
			);
			path = Add;
			sourceTree = "<group>";
		};
		49B9D54C25DAE6990066A51F /* Review */ = {
			isa = PBXGroup;
			children = (
				4927E4A025E0100D00F6E166 /* ReviewView.swift */,
				4927E4A525E0102400F6E166 /* ReviewCardsView.swift */,
				49FE722625E3422800E2C3B1 /* CardSideView.swift */,
			);
			path = Review;
			sourceTree = "<group>";
		};
		49C62FD825EDC19B007DCC2E /* Environment */ = {
			isa = PBXGroup;
			children = (
				49C62FD925EDDF82007DCC2E /* LanguageData.swift */,
			);
			path = Environment;
			sourceTree = "<group>";
		};
		49DBC31625DF589C009CFBE0 /* Common */ = {
			isa = PBXGroup;
			children = (
				49C62FD825EDC19B007DCC2E /* Environment */,
				49FE723B25E7EF1000E2C3B1 /* Extensions */,
				49DBC31725DF58A5009CFBE0 /* Utility */,
				49C62FE925F03FD4007DCC2E /* GlobalData.swift */,
			);
			path = Common;
			sourceTree = "<group>";
		};
		49DBC31725DF58A5009CFBE0 /* Utility */ = {
			isa = PBXGroup;
			children = (
				49DBC31825DF58B3009CFBE0 /* Cache.swift */,
				49FE722B25E3499400E2C3B1 /* Speaker.swift */,
			);
			path = Utility;
			sourceTree = "<group>";
		};
		49FE723B25E7EF1000E2C3B1 /* Extensions */ = {
			isa = PBXGroup;
			children = (
				49E6324225DD834A00AC6040 /* GeneralExtensions.swift */,
				49FE723C25E7EF6900E2C3B1 /* Array+RemoveDuplicates.swift */,
				49495F1625EC90CC00F5C3B0 /* UserDefaults+TypeSafety.swift */,
			);
			path = Extensions;
			sourceTree = "<group>";
		};
/* End PBXGroup section */

/* Begin PBXNativeTarget section */
		49989FB925D83ABD001510EB /* TalkingFlashCards */ = {
			isa = PBXNativeTarget;
			buildConfigurationList = 49989FE725D83AC1001510EB /* Build configuration list for PBXNativeTarget "TalkingFlashCards" */;
			buildPhases = (
				49989FB625D83ABD001510EB /* Sources */,
				49989FB725D83ABD001510EB /* Frameworks */,
				49989FB825D83ABD001510EB /* Resources */,
			);
			buildRules = (
			);
			dependencies = (
			);
			name = TalkingFlashCards;
			packageProductDependencies = (
				49CB06EF25F199C100B5A7E1 /* Introspect */,
			);
			productName = TalkingFlashCards;
			productReference = 49989FBA25D83ABD001510EB /* TalkingFlashCards.app */;
			productType = "com.apple.product-type.application";
		};
		49989FD225D83AC1001510EB /* TalkingFlashCardsTests */ = {
			isa = PBXNativeTarget;
			buildConfigurationList = 49989FEA25D83AC1001510EB /* Build configuration list for PBXNativeTarget "TalkingFlashCardsTests" */;
			buildPhases = (
				49989FCF25D83AC1001510EB /* Sources */,
				49989FD025D83AC1001510EB /* Frameworks */,
				49989FD125D83AC1001510EB /* Resources */,
			);
			buildRules = (
			);
			dependencies = (
				49989FD525D83AC1001510EB /* PBXTargetDependency */,
			);
			name = TalkingFlashCardsTests;
			productName = TalkingFlashCardsTests;
			productReference = 49989FD325D83AC1001510EB /* TalkingFlashCardsTests.xctest */;
			productType = "com.apple.product-type.bundle.unit-test";
		};
		49989FDD25D83AC1001510EB /* TalkingFlashCardsUITests */ = {
			isa = PBXNativeTarget;
			buildConfigurationList = 49989FED25D83AC1001510EB /* Build configuration list for PBXNativeTarget "TalkingFlashCardsUITests" */;
			buildPhases = (
				49989FDA25D83AC1001510EB /* Sources */,
				49989FDB25D83AC1001510EB /* Frameworks */,
				49989FDC25D83AC1001510EB /* Resources */,
			);
			buildRules = (
			);
			dependencies = (
				49989FE025D83AC1001510EB /* PBXTargetDependency */,
			);
			name = TalkingFlashCardsUITests;
			productName = TalkingFlashCardsUITests;
			productReference = 49989FDE25D83AC1001510EB /* TalkingFlashCardsUITests.xctest */;
			productType = "com.apple.product-type.bundle.ui-testing";
		};
/* End PBXNativeTarget section */

/* Begin PBXProject section */
		49989FB225D83ABD001510EB /* Project object */ = {
			isa = PBXProject;
			attributes = {
				LastSwiftUpdateCheck = 1240;
				LastUpgradeCheck = 1240;
				TargetAttributes = {
					49989FB925D83ABD001510EB = {
						CreatedOnToolsVersion = 12.4;
					};
					49989FD225D83AC1001510EB = {
						CreatedOnToolsVersion = 12.4;
						TestTargetID = 49989FB925D83ABD001510EB;
					};
					49989FDD25D83AC1001510EB = {
						CreatedOnToolsVersion = 12.4;
						TestTargetID = 49989FB925D83ABD001510EB;
					};
				};
			};
			buildConfigurationList = 49989FB525D83ABD001510EB /* Build configuration list for PBXProject "TalkingFlashCards" */;
			compatibilityVersion = "Xcode 9.3";
			developmentRegion = en;
			hasScannedForEncodings = 0;
			knownRegions = (
				en,
				Base,
				es,
			);
			mainGroup = 49989FB125D83ABD001510EB;
			packageReferences = (
				49CB06EE25F199C100B5A7E1 /* XCRemoteSwiftPackageReference "SwiftUI-Introspect" */,
			);
			productRefGroup = 49989FBB25D83ABD001510EB /* Products */;
			projectDirPath = "";
			projectRoot = "";
			targets = (
				49989FB925D83ABD001510EB /* TalkingFlashCards */,
				49989FD225D83AC1001510EB /* TalkingFlashCardsTests */,
				49989FDD25D83AC1001510EB /* TalkingFlashCardsUITests */,
			);
		};
/* End PBXProject section */

/* Begin PBXResourcesBuildPhase section */
		49989FB825D83ABD001510EB /* Resources */ = {
			isa = PBXResourcesBuildPhase;
			buildActionMask = 2147483647;
			files = (
				4998A01425D9FA55001510EB /* Localizable.strings in Resources */,
				4998A02B25DA0EAF001510EB /* Colors.xcassets in Resources */,
				49989FCA25D83AC0001510EB /* Preview Assets.xcassets in Resources */,
				49989FC725D83AC0001510EB /* Assets.xcassets in Resources */,
			);
			runOnlyForDeploymentPostprocessing = 0;
		};
		49989FD125D83AC1001510EB /* Resources */ = {
			isa = PBXResourcesBuildPhase;
			buildActionMask = 2147483647;
			files = (
			);
			runOnlyForDeploymentPostprocessing = 0;
		};
		49989FDC25D83AC1001510EB /* Resources */ = {
			isa = PBXResourcesBuildPhase;
			buildActionMask = 2147483647;
			files = (
			);
			runOnlyForDeploymentPostprocessing = 0;
		};
/* End PBXResourcesBuildPhase section */

/* Begin PBXSourcesBuildPhase section */
		49989FB625D83ABD001510EB /* Sources */ = {
			isa = PBXSourcesBuildPhase;
			buildActionMask = 2147483647;
			files = (
				49E6324325DD834A00AC6040 /* GeneralExtensions.swift in Sources */,
				49989FBE25D83ABD001510EB /* AppDelegate.swift in Sources */,
				49495F0A25E81DD800F5C3B0 /* VoiceSelectionView.swift in Sources */,
				49B9D53425DA28480066A51F /* NewCardView.swift in Sources */,
				490925F825DB3ED400BE1DE2 /* DeckDataService.swift in Sources */,
				4927E4A625E0102400F6E166 /* ReviewCardsView.swift in Sources */,
				49B9D54325DADE330066A51F /* ContactView.swift in Sources */,
				49989FC025D83ABD001510EB /* SceneDelegate.swift in Sources */,
				49C62FDA25EDDF82007DCC2E /* LanguageData.swift in Sources */,
				49FE722C25E3499400E2C3B1 /* Speaker.swift in Sources */,
				49DBC31925DF58B3009CFBE0 /* Cache.swift in Sources */,
				49E6322625DB674800AC6040 /* Injectable.swift in Sources */,
				49E6322B25DB694C00AC6040 /* DependencyManager.swift in Sources */,
				49495F1225EC8E0800F5C3B0 /* StoreService.swift in Sources */,
				49989FC225D83ABD001510EB /* ContentView.swift in Sources */,
				49C62FEA25F03FD4007DCC2E /* GlobalData.swift in Sources */,
				497A84AE25DA26850040B1CE /* AddView.swift in Sources */,
				49989FFA25D9B713001510EB /* HomeView.swift in Sources */,
				49FE723425E747B100E2C3B1 /* VoiceSettingsView.swift in Sources */,
				49C62FDF25EEC17B007DCC2E /* Voice.swift in Sources */,
				49989FC525D83ABD001510EB /* TalkingFlashCards.xcdatamodeld in Sources */,
				4927E4A125E0100D00F6E166 /* ReviewView.swift in Sources */,
				49F40AB125DDAFBD00DE80DC /* AlertItem.swift in Sources */,
				4998A00725D9C234001510EB /* NewDeckView.swift in Sources */,
				49DBC31225DF3A4A009CFBE0 /* LanguageService.swift in Sources */,
				4927E4AB25E041F900F6E166 /* Card.swift in Sources */,
				49E6323625DC3F2800AC6040 /* Deck.swift in Sources */,
				49CB06E725F1575600B5A7E1 /* ManageDeckView.swift in Sources */,
				49B9D53925DADE120066A51F /* MoreView.swift in Sources */,
				49F40AB625DDB94C00DE80DC /* FlashError.swift in Sources */,
				49B9D53E25DADE280066A51F /* SettingsView.swift in Sources */,
				49FE723D25E7EF6900E2C3B1 /* Array+RemoveDuplicates.swift in Sources */,
				49495F1725EC90CC00F5C3B0 /* UserDefaults+TypeSafety.swift in Sources */,
				49FE722725E3422800E2C3B1 /* CardSideView.swift in Sources */,
			);
			runOnlyForDeploymentPostprocessing = 0;
		};
		49989FCF25D83AC1001510EB /* Sources */ = {
			isa = PBXSourcesBuildPhase;
			buildActionMask = 2147483647;
			files = (
				49989FD825D83AC1001510EB /* TalkingFlashCardsTests.swift in Sources */,
			);
			runOnlyForDeploymentPostprocessing = 0;
		};
		49989FDA25D83AC1001510EB /* Sources */ = {
			isa = PBXSourcesBuildPhase;
			buildActionMask = 2147483647;
			files = (
				49989FE325D83AC1001510EB /* TalkingFlashCardsUITests.swift in Sources */,
			);
			runOnlyForDeploymentPostprocessing = 0;
		};
/* End PBXSourcesBuildPhase section */

/* Begin PBXTargetDependency section */
		49989FD525D83AC1001510EB /* PBXTargetDependency */ = {
			isa = PBXTargetDependency;
			target = 49989FB925D83ABD001510EB /* TalkingFlashCards */;
			targetProxy = 49989FD425D83AC1001510EB /* PBXContainerItemProxy */;
		};
		49989FE025D83AC1001510EB /* PBXTargetDependency */ = {
			isa = PBXTargetDependency;
			target = 49989FB925D83ABD001510EB /* TalkingFlashCards */;
			targetProxy = 49989FDF25D83AC1001510EB /* PBXContainerItemProxy */;
		};
/* End PBXTargetDependency section */

/* Begin PBXVariantGroup section */
		4998A01625D9FA55001510EB /* Localizable.strings */ = {
			isa = PBXVariantGroup;
			children = (
				4998A01525D9FA55001510EB /* en */,
				4998A01F25D9FB14001510EB /* es */,
			);
			name = Localizable.strings;
			sourceTree = "<group>";
		};
/* End PBXVariantGroup section */

/* Begin XCBuildConfiguration section */
		49989FE525D83AC1001510EB /* Debug */ = {
			isa = XCBuildConfiguration;
			buildSettings = {
				ALWAYS_SEARCH_USER_PATHS = NO;
				CLANG_ANALYZER_LOCALIZABILITY_NONLOCALIZED = YES;
				CLANG_ANALYZER_NONNULL = YES;
				CLANG_ANALYZER_NUMBER_OBJECT_CONVERSION = YES_AGGRESSIVE;
				CLANG_CXX_LANGUAGE_STANDARD = "gnu++14";
				CLANG_CXX_LIBRARY = "libc++";
				CLANG_ENABLE_MODULES = YES;
				CLANG_ENABLE_OBJC_ARC = YES;
				CLANG_ENABLE_OBJC_WEAK = YES;
				CLANG_WARN_BLOCK_CAPTURE_AUTORELEASING = YES;
				CLANG_WARN_BOOL_CONVERSION = YES;
				CLANG_WARN_COMMA = YES;
				CLANG_WARN_CONSTANT_CONVERSION = YES;
				CLANG_WARN_DEPRECATED_OBJC_IMPLEMENTATIONS = YES;
				CLANG_WARN_DIRECT_OBJC_ISA_USAGE = YES_ERROR;
				CLANG_WARN_DOCUMENTATION_COMMENTS = YES;
				CLANG_WARN_EMPTY_BODY = YES;
				CLANG_WARN_ENUM_CONVERSION = YES;
				CLANG_WARN_INFINITE_RECURSION = YES;
				CLANG_WARN_INT_CONVERSION = YES;
				CLANG_WARN_NON_LITERAL_NULL_CONVERSION = YES;
				CLANG_WARN_OBJC_IMPLICIT_RETAIN_SELF = YES;
				CLANG_WARN_OBJC_LITERAL_CONVERSION = YES;
				CLANG_WARN_OBJC_ROOT_CLASS = YES_ERROR;
				CLANG_WARN_QUOTED_INCLUDE_IN_FRAMEWORK_HEADER = YES;
				CLANG_WARN_RANGE_LOOP_ANALYSIS = YES;
				CLANG_WARN_STRICT_PROTOTYPES = YES;
				CLANG_WARN_SUSPICIOUS_MOVE = YES;
				CLANG_WARN_UNGUARDED_AVAILABILITY = YES_AGGRESSIVE;
				CLANG_WARN_UNREACHABLE_CODE = YES;
				CLANG_WARN__DUPLICATE_METHOD_MATCH = YES;
				COPY_PHASE_STRIP = NO;
				DEBUG_INFORMATION_FORMAT = dwarf;
				ENABLE_STRICT_OBJC_MSGSEND = YES;
				ENABLE_TESTABILITY = YES;
				GCC_C_LANGUAGE_STANDARD = gnu11;
				GCC_DYNAMIC_NO_PIC = NO;
				GCC_NO_COMMON_BLOCKS = YES;
				GCC_OPTIMIZATION_LEVEL = 0;
				GCC_PREPROCESSOR_DEFINITIONS = (
					"DEBUG=1",
					"$(inherited)",
				);
				GCC_WARN_64_TO_32_BIT_CONVERSION = YES;
				GCC_WARN_ABOUT_RETURN_TYPE = YES_ERROR;
				GCC_WARN_UNDECLARED_SELECTOR = YES;
				GCC_WARN_UNINITIALIZED_AUTOS = YES_AGGRESSIVE;
				GCC_WARN_UNUSED_FUNCTION = YES;
				GCC_WARN_UNUSED_VARIABLE = YES;
				IPHONEOS_DEPLOYMENT_TARGET = 14.4;
				MTL_ENABLE_DEBUG_INFO = INCLUDE_SOURCE;
				MTL_FAST_MATH = YES;
				ONLY_ACTIVE_ARCH = YES;
				SDKROOT = iphoneos;
				SWIFT_ACTIVE_COMPILATION_CONDITIONS = DEBUG;
				SWIFT_OPTIMIZATION_LEVEL = "-Onone";
			};
			name = Debug;
		};
		49989FE625D83AC1001510EB /* Release */ = {
			isa = XCBuildConfiguration;
			buildSettings = {
				ALWAYS_SEARCH_USER_PATHS = NO;
				CLANG_ANALYZER_LOCALIZABILITY_NONLOCALIZED = YES;
				CLANG_ANALYZER_NONNULL = YES;
				CLANG_ANALYZER_NUMBER_OBJECT_CONVERSION = YES_AGGRESSIVE;
				CLANG_CXX_LANGUAGE_STANDARD = "gnu++14";
				CLANG_CXX_LIBRARY = "libc++";
				CLANG_ENABLE_MODULES = YES;
				CLANG_ENABLE_OBJC_ARC = YES;
				CLANG_ENABLE_OBJC_WEAK = YES;
				CLANG_WARN_BLOCK_CAPTURE_AUTORELEASING = YES;
				CLANG_WARN_BOOL_CONVERSION = YES;
				CLANG_WARN_COMMA = YES;
				CLANG_WARN_CONSTANT_CONVERSION = YES;
				CLANG_WARN_DEPRECATED_OBJC_IMPLEMENTATIONS = YES;
				CLANG_WARN_DIRECT_OBJC_ISA_USAGE = YES_ERROR;
				CLANG_WARN_DOCUMENTATION_COMMENTS = YES;
				CLANG_WARN_EMPTY_BODY = YES;
				CLANG_WARN_ENUM_CONVERSION = YES;
				CLANG_WARN_INFINITE_RECURSION = YES;
				CLANG_WARN_INT_CONVERSION = YES;
				CLANG_WARN_NON_LITERAL_NULL_CONVERSION = YES;
				CLANG_WARN_OBJC_IMPLICIT_RETAIN_SELF = YES;
				CLANG_WARN_OBJC_LITERAL_CONVERSION = YES;
				CLANG_WARN_OBJC_ROOT_CLASS = YES_ERROR;
				CLANG_WARN_QUOTED_INCLUDE_IN_FRAMEWORK_HEADER = YES;
				CLANG_WARN_RANGE_LOOP_ANALYSIS = YES;
				CLANG_WARN_STRICT_PROTOTYPES = YES;
				CLANG_WARN_SUSPICIOUS_MOVE = YES;
				CLANG_WARN_UNGUARDED_AVAILABILITY = YES_AGGRESSIVE;
				CLANG_WARN_UNREACHABLE_CODE = YES;
				CLANG_WARN__DUPLICATE_METHOD_MATCH = YES;
				COPY_PHASE_STRIP = NO;
				DEBUG_INFORMATION_FORMAT = "dwarf-with-dsym";
				ENABLE_NS_ASSERTIONS = NO;
				ENABLE_STRICT_OBJC_MSGSEND = YES;
				GCC_C_LANGUAGE_STANDARD = gnu11;
				GCC_NO_COMMON_BLOCKS = YES;
				GCC_WARN_64_TO_32_BIT_CONVERSION = YES;
				GCC_WARN_ABOUT_RETURN_TYPE = YES_ERROR;
				GCC_WARN_UNDECLARED_SELECTOR = YES;
				GCC_WARN_UNINITIALIZED_AUTOS = YES_AGGRESSIVE;
				GCC_WARN_UNUSED_FUNCTION = YES;
				GCC_WARN_UNUSED_VARIABLE = YES;
				IPHONEOS_DEPLOYMENT_TARGET = 14.4;
				MTL_ENABLE_DEBUG_INFO = NO;
				MTL_FAST_MATH = YES;
				SDKROOT = iphoneos;
				SWIFT_COMPILATION_MODE = wholemodule;
				SWIFT_OPTIMIZATION_LEVEL = "-O";
				VALIDATE_PRODUCT = YES;
			};
			name = Release;
		};
		49989FE825D83AC1001510EB /* Debug */ = {
			isa = XCBuildConfiguration;
			buildSettings = {
				ASSETCATALOG_COMPILER_APPICON_NAME = AppIcon;
				ASSETCATALOG_COMPILER_GLOBAL_ACCENT_COLOR_NAME = AccentColor;
				CODE_SIGN_STYLE = Automatic;
				DEVELOPMENT_ASSET_PATHS = "\"TalkingFlashCards/Preview Content\"";
				DEVELOPMENT_TEAM = 4UDDXWCBX9;
				ENABLE_PREVIEWS = YES;
				INFOPLIST_FILE = TalkingFlashCards/App/Info.plist;
				LD_RUNPATH_SEARCH_PATHS = (
					"$(inherited)",
					"@executable_path/Frameworks",
				);
				PRODUCT_BUNDLE_IDENTIFIER = ajs.LangFlash;
				PRODUCT_NAME = "$(TARGET_NAME)";
				SWIFT_VERSION = 5.0;
				TARGETED_DEVICE_FAMILY = "1,2";
			};
			name = Debug;
		};
		49989FE925D83AC1001510EB /* Release */ = {
			isa = XCBuildConfiguration;
			buildSettings = {
				ASSETCATALOG_COMPILER_APPICON_NAME = AppIcon;
				ASSETCATALOG_COMPILER_GLOBAL_ACCENT_COLOR_NAME = AccentColor;
				CODE_SIGN_STYLE = Automatic;
				DEVELOPMENT_ASSET_PATHS = "\"TalkingFlashCards/Preview Content\"";
				DEVELOPMENT_TEAM = 4UDDXWCBX9;
				ENABLE_PREVIEWS = YES;
				INFOPLIST_FILE = TalkingFlashCards/App/Info.plist;
				LD_RUNPATH_SEARCH_PATHS = (
					"$(inherited)",
					"@executable_path/Frameworks",
				);
				PRODUCT_BUNDLE_IDENTIFIER = ajs.LangFlash;
				PRODUCT_NAME = "$(TARGET_NAME)";
				SWIFT_VERSION = 5.0;
				TARGETED_DEVICE_FAMILY = "1,2";
			};
			name = Release;
		};
		49989FEB25D83AC1001510EB /* Debug */ = {
			isa = XCBuildConfiguration;
			buildSettings = {
				ALWAYS_EMBED_SWIFT_STANDARD_LIBRARIES = YES;
				BUNDLE_LOADER = "$(TEST_HOST)";
				CODE_SIGN_STYLE = Automatic;
				DEVELOPMENT_TEAM = 4UDDXWCBX9;
				INFOPLIST_FILE = TalkingFlashCardsTests/Info.plist;
				IPHONEOS_DEPLOYMENT_TARGET = 14.4;
				LD_RUNPATH_SEARCH_PATHS = (
					"$(inherited)",
					"@executable_path/Frameworks",
					"@loader_path/Frameworks",
				);
				PRODUCT_BUNDLE_IDENTIFIER = ajs.TalkingFlashCardsTests;
				PRODUCT_NAME = "$(TARGET_NAME)";
				SWIFT_VERSION = 5.0;
				TARGETED_DEVICE_FAMILY = "1,2";
				TEST_HOST = "$(BUILT_PRODUCTS_DIR)/TalkingFlashCards.app/TalkingFlashCards";
			};
			name = Debug;
		};
		49989FEC25D83AC1001510EB /* Release */ = {
			isa = XCBuildConfiguration;
			buildSettings = {
				ALWAYS_EMBED_SWIFT_STANDARD_LIBRARIES = YES;
				BUNDLE_LOADER = "$(TEST_HOST)";
				CODE_SIGN_STYLE = Automatic;
				DEVELOPMENT_TEAM = 4UDDXWCBX9;
				INFOPLIST_FILE = TalkingFlashCardsTests/Info.plist;
				IPHONEOS_DEPLOYMENT_TARGET = 14.4;
				LD_RUNPATH_SEARCH_PATHS = (
					"$(inherited)",
					"@executable_path/Frameworks",
					"@loader_path/Frameworks",
				);
				PRODUCT_BUNDLE_IDENTIFIER = ajs.TalkingFlashCardsTests;
				PRODUCT_NAME = "$(TARGET_NAME)";
				SWIFT_VERSION = 5.0;
				TARGETED_DEVICE_FAMILY = "1,2";
				TEST_HOST = "$(BUILT_PRODUCTS_DIR)/TalkingFlashCards.app/TalkingFlashCards";
			};
			name = Release;
		};
		49989FEE25D83AC1001510EB /* Debug */ = {
			isa = XCBuildConfiguration;
			buildSettings = {
				ALWAYS_EMBED_SWIFT_STANDARD_LIBRARIES = YES;
				CODE_SIGN_STYLE = Automatic;
				DEVELOPMENT_TEAM = 4UDDXWCBX9;
				INFOPLIST_FILE = TalkingFlashCardsUITests/Info.plist;
				LD_RUNPATH_SEARCH_PATHS = (
					"$(inherited)",
					"@executable_path/Frameworks",
					"@loader_path/Frameworks",
				);
				PRODUCT_BUNDLE_IDENTIFIER = ajs.TalkingFlashCardsUITests;
				PRODUCT_NAME = "$(TARGET_NAME)";
				SWIFT_VERSION = 5.0;
				TARGETED_DEVICE_FAMILY = "1,2";
				TEST_TARGET_NAME = TalkingFlashCards;
			};
			name = Debug;
		};
		49989FEF25D83AC1001510EB /* Release */ = {
			isa = XCBuildConfiguration;
			buildSettings = {
				ALWAYS_EMBED_SWIFT_STANDARD_LIBRARIES = YES;
				CODE_SIGN_STYLE = Automatic;
				DEVELOPMENT_TEAM = 4UDDXWCBX9;
				INFOPLIST_FILE = TalkingFlashCardsUITests/Info.plist;
				LD_RUNPATH_SEARCH_PATHS = (
					"$(inherited)",
					"@executable_path/Frameworks",
					"@loader_path/Frameworks",
				);
				PRODUCT_BUNDLE_IDENTIFIER = ajs.TalkingFlashCardsUITests;
				PRODUCT_NAME = "$(TARGET_NAME)";
				SWIFT_VERSION = 5.0;
				TARGETED_DEVICE_FAMILY = "1,2";
				TEST_TARGET_NAME = TalkingFlashCards;
			};
			name = Release;
		};
/* End XCBuildConfiguration section */

/* Begin XCConfigurationList section */
		49989FB525D83ABD001510EB /* Build configuration list for PBXProject "TalkingFlashCards" */ = {
			isa = XCConfigurationList;
			buildConfigurations = (
				49989FE525D83AC1001510EB /* Debug */,
				49989FE625D83AC1001510EB /* Release */,
			);
			defaultConfigurationIsVisible = 0;
			defaultConfigurationName = Release;
		};
		49989FE725D83AC1001510EB /* Build configuration list for PBXNativeTarget "TalkingFlashCards" */ = {
			isa = XCConfigurationList;
			buildConfigurations = (
				49989FE825D83AC1001510EB /* Debug */,
				49989FE925D83AC1001510EB /* Release */,
			);
			defaultConfigurationIsVisible = 0;
			defaultConfigurationName = Release;
		};
		49989FEA25D83AC1001510EB /* Build configuration list for PBXNativeTarget "TalkingFlashCardsTests" */ = {
			isa = XCConfigurationList;
			buildConfigurations = (
				49989FEB25D83AC1001510EB /* Debug */,
				49989FEC25D83AC1001510EB /* Release */,
			);
			defaultConfigurationIsVisible = 0;
			defaultConfigurationName = Release;
		};
		49989FED25D83AC1001510EB /* Build configuration list for PBXNativeTarget "TalkingFlashCardsUITests" */ = {
			isa = XCConfigurationList;
			buildConfigurations = (
				49989FEE25D83AC1001510EB /* Debug */,
				49989FEF25D83AC1001510EB /* Release */,
			);
			defaultConfigurationIsVisible = 0;
			defaultConfigurationName = Release;
		};
/* End XCConfigurationList section */

/* Begin XCRemoteSwiftPackageReference section */
		49CB06EE25F199C100B5A7E1 /* XCRemoteSwiftPackageReference "SwiftUI-Introspect" */ = {
			isa = XCRemoteSwiftPackageReference;
			repositoryURL = "https://github.com/siteline/SwiftUI-Introspect.git";
			requirement = {
				kind = upToNextMajorVersion;
				minimumVersion = 0.1.2;
			};
		};
/* End XCRemoteSwiftPackageReference section */

/* Begin XCSwiftPackageProductDependency section */
		49CB06EF25F199C100B5A7E1 /* Introspect */ = {
			isa = XCSwiftPackageProductDependency;
			package = 49CB06EE25F199C100B5A7E1 /* XCRemoteSwiftPackageReference "SwiftUI-Introspect" */;
			productName = Introspect;
		};
/* End XCSwiftPackageProductDependency section */

/* Begin XCVersionGroup section */
		49989FC325D83ABD001510EB /* TalkingFlashCards.xcdatamodeld */ = {
			isa = XCVersionGroup;
			children = (
				49989FC425D83ABD001510EB /* TalkingFlashCards.xcdatamodel */,
			);
			currentVersion = 49989FC425D83ABD001510EB /* TalkingFlashCards.xcdatamodel */;
			path = TalkingFlashCards.xcdatamodeld;
			sourceTree = "<group>";
			versionGroupType = wrapper.xcdatamodel;
		};
/* End XCVersionGroup section */
	};
	rootObject = 49989FB225D83ABD001510EB /* Project object */;
}
